
Microsoft Visual Studio Solution File, Format Version 12.00
# Visual Studio Version 16
VisualStudioVersion = 16.0.31321.278
MinimumVisualStudioVersion = 10.0.40219.1
Project("{FAE04EC0-301F-11D3-BF4B-00C04F79EFBC}") = "ShopBridgeProduct", "ShopBridgeProduct.csproj", "{8AC3F6BF-4AA0-4384-9BB9-B661DB86A9A5}"
EndProject
Project("{FAE04EC0-301F-11D3-BF4B-00C04F79EFBC}") = "Product.Domain", "..\Product.Domain\Product.Domain.csproj", "{B6B007E4-9634-4282-8977-3260119D7963}"
EndProject
Global
	GlobalSection(SolutionConfigurationPlatforms) = preSolution
		Debug|Any CPU = Debug|Any CPU
		Release|Any CPU = Release|Any CPU
	EndGlobalSection
	GlobalSection(ProjectConfigurationPlatforms) = postSolution
		{8AC3F6BF-4AA0-4384-9BB9-B661DB86A9A5}.Debug|Any CPU.ActiveCfg = Debug|Any CPU
		{8AC3F6BF-4AA0-4384-9BB9-B661DB86A9A5}.Debug|Any CPU.Build.0 = Debug|Any CPU
		{8AC3F6BF-4AA0-4384-9BB9-B661DB86A9A5}.Release|Any CPU.ActiveCfg = Release|Any CPU
		{8AC3F6BF-4AA0-4384-9BB9-B661DB86A9A5}.Release|Any CPU.Build.0 = Release|Any CPU
		{B6B007E4-9634-4282-8977-3260119D7963}.Debug|Any CPU.ActiveCfg = Debug|Any CPU
		{B6B007E4-9634-4282-8977-3260119D7963}.Debug|Any CPU.Build.0 = Debug|Any CPU
		{B6B007E4-9634-4282-8977-3260119D7963}.Release|Any CPU.ActiveCfg = Release|Any CPU
		{B6B007E4-9634-4282-8977-3260119D7963}.Release|Any CPU.Build.0 = Release|Any CPU
	EndGlobalSection
	GlobalSection(SolutionProperties) = preSolution
		HideSolutionNode = FALSE
	EndGlobalSection
	GlobalSection(ExtensibilityGlobals) = postSolution
		SolutionGuid = {76749834-4824-472A-85A6-BF6AB5719D1E}
	EndGlobalSection
EndGlobal
